
Microsoft Visual Studio Solution File, Format Version 12.00
# Visual Studio 2017
Project("{FAE04EC0-301F-11D3-BF4B-00C04F79EFBC}") = "Traffic-Flow-Simulation", "Traffic-Flow-Simulation.csproj", "{B0055141-3875-8662-DD01-9C89EB7FD0FF}"
EndProject
Global
	GlobalSection(SolutionConfigurationPlatforms) = preSolution
		Debug|Any CPU = Debug|Any CPU
		Release|Any CPU = Release|Any CPU
	EndGlobalSection
	GlobalSection(ProjectConfigurationPlatforms) = postSolution
		{B0055141-3875-8662-DD01-9C89EB7FD0FF}.Debug|Any CPU.ActiveCfg = Debug|Any CPU
		{B0055141-3875-8662-DD01-9C89EB7FD0FF}.Debug|Any CPU.Build.0 = Debug|Any CPU
		{B0055141-3875-8662-DD01-9C89EB7FD0FF}.Release|Any CPU.ActiveCfg = Release|Any CPU
		{B0055141-3875-8662-DD01-9C89EB7FD0FF}.Release|Any CPU.Build.0 = Release|Any CPU
	EndGlobalSection
	GlobalSection(SolutionProperties) = preSolution
		HideSolutionNode = FALSE
	EndGlobalSection
EndGlobal
