
Microsoft Visual Studio Solution File, Format Version 11.00
# Visual Studio 2010
Project("{FAE04EC0-301F-11D3-BF4B-00C04F79EFBC}") = "Traffic-Flow-Simulation", "Assembly-CSharp.csproj", "{ED533C51-29DE-5F9E-0539-0EBB24EFAA72}"
EndProject
Global
	GlobalSection(SolutionConfigurationPlatforms) = preSolution
		Debug|Any CPU = Debug|Any CPU
		Release|Any CPU = Release|Any CPU
	EndGlobalSection
	GlobalSection(ProjectConfigurationPlatforms) = postSolution
		{ED533C51-29DE-5F9E-0539-0EBB24EFAA72}.Debug|Any CPU.ActiveCfg = Debug|Any CPU
		{ED533C51-29DE-5F9E-0539-0EBB24EFAA72}.Debug|Any CPU.Build.0 = Debug|Any CPU
		{ED533C51-29DE-5F9E-0539-0EBB24EFAA72}.Release|Any CPU.ActiveCfg = Release|Any CPU
		{ED533C51-29DE-5F9E-0539-0EBB24EFAA72}.Release|Any CPU.Build.0 = Release|Any CPU
	EndGlobalSection
	GlobalSection(SolutionProperties) = preSolution
		HideSolutionNode = FALSE
	EndGlobalSection
	GlobalSection(MonoDevelopProperties) = preSolution
		StartupItem = Assembly-CSharp.csproj
	EndGlobalSection
EndGlobal
